// !$*UTF8*$!
{
	archiveVersion = 1;
	classes = {
	};
	objectVersion = 51;
	objects = {

/* Begin PBXBuildFile section */
		AA4819D625458030006D2B94 /* AppDelegate.swift in Sources */ = {isa = PBXBuildFile; fileRef = AA4819D525458030006D2B94 /* AppDelegate.swift */; };
		AA4819D825458030006D2B94 /* SceneDelegate.swift in Sources */ = {isa = PBXBuildFile; fileRef = AA4819D725458030006D2B94 /* SceneDelegate.swift */; };
		AA4819DA25458030006D2B94 /* ViewController.swift in Sources */ = {isa = PBXBuildFile; fileRef = AA4819D925458030006D2B94 /* ViewController.swift */; };
		AA4819DD25458030006D2B94 /* Main.storyboard in Resources */ = {isa = PBXBuildFile; fileRef = AA4819DB25458030006D2B94 /* Main.storyboard */; };
		AA4819DF25458034006D2B94 /* Assets.xcassets in Resources */ = {isa = PBXBuildFile; fileRef = AA4819DE25458034006D2B94 /* Assets.xcassets */; };
		AA4819E225458034006D2B94 /* LaunchScreen.storyboard in Resources */ = {isa = PBXBuildFile; fileRef = AA4819E025458034006D2B94 /* LaunchScreen.storyboard */; };
		EDBF1C1CF336CB73E40A02D5 /* Pods_VK_Swift_Example.framework in Frameworks */ = {isa = PBXBuildFile; fileRef = 49AE6DAF41A4B79FBCCC7FA5 /* Pods_VK_Swift_Example.framework */; };
/* End PBXBuildFile section */

/* Begin PBXFileReference section */
		49AE6DAF41A4B79FBCCC7FA5 /* Pods_VK_Swift_Example.framework */ = {isa = PBXFileReference; explicitFileType = wrapper.framework; includeInIndex = 0; path = Pods_VK_Swift_Example.framework; sourceTree = BUILT_PRODUCTS_DIR; };
		AA4819D225458030006D2B94 /* VK_Swift_Example.app */ = {isa = PBXFileReference; explicitFileType = wrapper.application; includeInIndex = 0; path = VK_Swift_Example.app; sourceTree = BUILT_PRODUCTS_DIR; };
		AA4819D525458030006D2B94 /* AppDelegate.swift */ = {isa = PBXFileReference; lastKnownFileType = sourcecode.swift; path = AppDelegate.swift; sourceTree = "<group>"; };
		AA4819D725458030006D2B94 /* SceneDelegate.swift */ = {isa = PBXFileReference; lastKnownFileType = sourcecode.swift; path = SceneDelegate.swift; sourceTree = "<group>"; };
		AA4819D925458030006D2B94 /* ViewController.swift */ = {isa = PBXFileReference; lastKnownFileType = sourcecode.swift; path = ViewController.swift; sourceTree = "<group>"; };
		AA4819DC25458030006D2B94 /* Base */ = {isa = PBXFileReference; lastKnownFileType = file.storyboard; name = Base; path = Base.lproj/Main.storyboard; sourceTree = "<group>"; };
		AA4819DE25458034006D2B94 /* Assets.xcassets */ = {isa = PBXFileReference; lastKnownFileType = folder.assetcatalog; path = Assets.xcassets; sourceTree = "<group>"; };
		AA4819E125458034006D2B94 /* Base */ = {isa = PBXFileReference; lastKnownFileType = file.storyboard; name = Base; path = Base.lproj/LaunchScreen.storyboard; sourceTree = "<group>"; };
		AA4819E325458034006D2B94 /* Info.plist */ = {isa = PBXFileReference; lastKnownFileType = text.plist.xml; path = Info.plist; sourceTree = "<group>"; };
		AE45C343136241CBC7D453FD /* Pods-VK_Swift_Example.release.xcconfig */ = {isa = PBXFileReference; includeInIndex = 1; lastKnownFileType = text.xcconfig; name = "Pods-VK_Swift_Example.release.xcconfig"; path = "Target Support Files/Pods-VK_Swift_Example/Pods-VK_Swift_Example.release.xcconfig"; sourceTree = "<group>"; };
		F3E3774D5F2DBDC0830B715A /* Pods-VK_Swift_Example.debug.xcconfig */ = {isa = PBXFileReference; includeInIndex = 1; lastKnownFileType = text.xcconfig; name = "Pods-VK_Swift_Example.debug.xcconfig"; path = "Target Support Files/Pods-VK_Swift_Example/Pods-VK_Swift_Example.debug.xcconfig"; sourceTree = "<group>"; };
/* End PBXFileReference section */

/* Begin PBXFrameworksBuildPhase section */
		AA4819CF25458030006D2B94 /* Frameworks */ = {
			isa = PBXFrameworksBuildPhase;
			buildActionMask = 2147483647;
			files = (
				EDBF1C1CF336CB73E40A02D5 /* Pods_VK_Swift_Example.framework in Frameworks */,
			);
			runOnlyForDeploymentPostprocessing = 0;
		};
/* End PBXFrameworksBuildPhase section */

/* Begin PBXGroup section */
		2F52455AE1488F847D57A763 /* Frameworks */ = {
			isa = PBXGroup;
			children = (
				49AE6DAF41A4B79FBCCC7FA5 /* Pods_VK_Swift_Example.framework */,
			);
			name = Frameworks;
			sourceTree = "<group>";
		};
		9F9EF8E2EA3E772B0EA76C4A /* Pods */ = {
			isa = PBXGroup;
			children = (
				F3E3774D5F2DBDC0830B715A /* Pods-VK_Swift_Example.debug.xcconfig */,
				AE45C343136241CBC7D453FD /* Pods-VK_Swift_Example.release.xcconfig */,
			);
			path = Pods;
			sourceTree = "<group>";
		};
		AA4819C92545802F006D2B94 = {
			isa = PBXGroup;
			children = (
				AA4819D425458030006D2B94 /* VK_Swift_Example */,
				AA4819D325458030006D2B94 /* Products */,
				9F9EF8E2EA3E772B0EA76C4A /* Pods */,
				2F52455AE1488F847D57A763 /* Frameworks */,
			);
			sourceTree = "<group>";
		};
		AA4819D325458030006D2B94 /* Products */ = {
			isa = PBXGroup;
			children = (
				AA4819D225458030006D2B94 /* VK_Swift_Example.app */,
			);
			name = Products;
			sourceTree = "<group>";
		};
		AA4819D425458030006D2B94 /* VK_Swift_Example */ = {
			isa = PBXGroup;
			children = (
				AA4819D525458030006D2B94 /* AppDelegate.swift */,
				AA4819D725458030006D2B94 /* SceneDelegate.swift */,
				AA4819D925458030006D2B94 /* ViewController.swift */,
				AA4819DB25458030006D2B94 /* Main.storyboard */,
				AA4819DE25458034006D2B94 /* Assets.xcassets */,
				AA4819E025458034006D2B94 /* LaunchScreen.storyboard */,
				AA4819E325458034006D2B94 /* Info.plist */,
			);
			path = VK_Swift_Example;
			sourceTree = "<group>";
		};
/* End PBXGroup section */

/* Begin PBXNativeTarget section */
		AA4819D125458030006D2B94 /* VK_Swift_Example */ = {
			isa = PBXNativeTarget;
			buildConfigurationList = AA4819E625458034006D2B94 /* Build configuration list for PBXNativeTarget "VK_Swift_Example" */;
			buildPhases = (
				EEA3A7F6162A0159A92342AB /* [CP] Check Pods Manifest.lock */,
				AA4819CE25458030006D2B94 /* Sources */,
				AA4819CF25458030006D2B94 /* Frameworks */,
				AA4819D025458030006D2B94 /* Resources */,
				3006D1D8BE890F4EAFFBAB05 /* [CP] Embed Pods Frameworks */,
			);
			buildRules = (
			);
			dependencies = (
			);
			name = VK_Swift_Example;
			productName = VK_Swift_Example;
			productReference = AA4819D225458030006D2B94 /* VK_Swift_Example.app */;
			productType = "com.apple.product-type.application";
		};
/* End PBXNativeTarget section */

/* Begin PBXProject section */
		AA4819CA25458030006D2B94 /* Project object */ = {
			isa = PBXProject;
			attributes = {
				LastSwiftUpdateCheck = 1200;
				LastUpgradeCheck = 1200;
				TargetAttributes = {
					AA4819D125458030006D2B94 = {
						CreatedOnToolsVersion = 12.0;
					};
				};
			};
			buildConfigurationList = AA4819CD25458030006D2B94 /* Build configuration list for PBXProject "VK_Swift_Example" */;
			compatibilityVersion = "Xcode 9.3";
			developmentRegion = en;
			hasScannedForEncodings = 0;
			knownRegions = (
				en,
				Base,
			);
			mainGroup = AA4819C92545802F006D2B94;
			productRefGroup = AA4819D325458030006D2B94 /* Products */;
			projectDirPath = "";
			projectRoot = "";
			targets = (
				AA4819D125458030006D2B94 /* VK_Swift_Example */,
			);
		};
/* End PBXProject section */

/* Begin PBXResourcesBuildPhase section */
		AA4819D025458030006D2B94 /* Resources */ = {
			isa = PBXResourcesBuildPhase;
			buildActionMask = 2147483647;
			files = (
				AA4819E225458034006D2B94 /* LaunchScreen.storyboard in Resources */,
				AA4819DF25458034006D2B94 /* Assets.xcassets in Resources */,
				AA4819DD25458030006D2B94 /* Main.storyboard in Resources */,
			);
			runOnlyForDeploymentPostprocessing = 0;
		};
/* End PBXResourcesBuildPhase section */

/* Begin PBXShellScriptBuildPhase section */
		3006D1D8BE890F4EAFFBAB05 /* [CP] Embed Pods Frameworks */ = {
			isa = PBXShellScriptBuildPhase;
			buildActionMask = 2147483647;
			files = (
			);
			inputFileListPaths = (
				"${PODS_ROOT}/Target Support Files/Pods-VK_Swift_Example/Pods-VK_Swift_Example-frameworks-${CONFIGURATION}-input-files.xcfilelist",
			);
			name = "[CP] Embed Pods Frameworks";
			outputFileListPaths = (
				"${PODS_ROOT}/Target Support Files/Pods-VK_Swift_Example/Pods-VK_Swift_Example-frameworks-${CONFIGURATION}-output-files.xcfilelist",
			);
			runOnlyForDeploymentPostprocessing = 0;
			shellPath = /bin/sh;
			shellScript = "\"${PODS_ROOT}/Target Support Files/Pods-VK_Swift_Example/Pods-VK_Swift_Example-frameworks.sh\"\n";
			showEnvVarsInLog = 0;
		};
		EEA3A7F6162A0159A92342AB /* [CP] Check Pods Manifest.lock */ = {
			isa = PBXShellScriptBuildPhase;
			buildActionMask = 2147483647;
			files = (
			);
			inputFileListPaths = (
			);
			inputPaths = (
				"${PODS_PODFILE_DIR_PATH}/Podfile.lock",
				"${PODS_ROOT}/Manifest.lock",
			);
			name = "[CP] Check Pods Manifest.lock";
			outputFileListPaths = (
			);
			outputPaths = (
				"$(DERIVED_FILE_DIR)/Pods-VK_Swift_Example-checkManifestLockResult.txt",
			);
			runOnlyForDeploymentPostprocessing = 0;
			shellPath = /bin/sh;
			shellScript = "diff \"${PODS_PODFILE_DIR_PATH}/Podfile.lock\" \"${PODS_ROOT}/Manifest.lock\" > /dev/null\nif [ $? != 0 ] ; then\n    # print error to STDERR\n    echo \"error: The sandbox is not in sync with the Podfile.lock. Run 'pod install' or update your CocoaPods installation.\" >&2\n    exit 1\nfi\n# This output is used by Xcode 'outputs' to avoid re-running this script phase.\necho \"SUCCESS\" > \"${SCRIPT_OUTPUT_FILE_0}\"\n";
			showEnvVarsInLog = 0;
		};
/* End PBXShellScriptBuildPhase section */

/* Begin PBXSourcesBuildPhase section */
		AA4819CE25458030006D2B94 /* Sources */ = {
			isa = PBXSourcesBuildPhase;
			buildActionMask = 2147483647;
			files = (
				AA4819DA25458030006D2B94 /* ViewController.swift in Sources */,
				AA4819D625458030006D2B94 /* AppDelegate.swift in Sources */,
				AA4819D825458030006D2B94 /* SceneDelegate.swift in Sources */,
			);
			runOnlyForDeploymentPostprocessing = 0;
		};
/* End PBXSourcesBuildPhase section */

/* Begin PBXVariantGroup section */
		AA4819DB25458030006D2B94 /* Main.storyboard */ = {
			isa = PBXVariantGroup;
			children = (
				AA4819DC25458030006D2B94 /* Base */,
			);
			name = Main.storyboard;
			sourceTree = "<group>";
		};
		AA4819E025458034006D2B94 /* LaunchScreen.storyboard */ = {
			isa = PBXVariantGroup;
			children = (
				AA4819E125458034006D2B94 /* Base */,
			);
			name = LaunchScreen.storyboard;
			sourceTree = "<group>";
		};
/* End PBXVariantGroup section */

/* Begin XCBuildConfiguration section */
		AA4819E425458034006D2B94 /* Debug */ = {
			isa = XCBuildConfiguration;
			buildSettings = {
				ALWAYS_SEARCH_USER_PATHS = NO;
				CLANG_ANALYZER_NONNULL = YES;
				CLANG_ANALYZER_NUMBER_OBJECT_CONVERSION = YES_AGGRESSIVE;
				CLANG_CXX_LANGUAGE_STANDARD = "gnu++14";
				CLANG_CXX_LIBRARY = "libc++";
				CLANG_ENABLE_MODULES = YES;
				CLANG_ENABLE_OBJC_ARC = YES;
				CLANG_ENABLE_OBJC_WEAK = YES;
				CLANG_WARN_BLOCK_CAPTURE_AUTORELEASING = YES;
				CLANG_WARN_BOOL_CONVERSION = YES;
				CLANG_WARN_COMMA = YES;
				CLANG_WARN_CONSTANT_CONVERSION = YES;
				CLANG_WARN_DEPRECATED_OBJC_IMPLEMENTATIONS = YES;
				CLANG_WARN_DIRECT_OBJC_ISA_USAGE = YES_ERROR;
				CLANG_WARN_DOCUMENTATION_COMMENTS = YES;
				CLANG_WARN_EMPTY_BODY = YES;
				CLANG_WARN_ENUM_CONVERSION = YES;
				CLANG_WARN_INFINITE_RECURSION = YES;
				CLANG_WARN_INT_CONVERSION = YES;
				CLANG_WARN_NON_LITERAL_NULL_CONVERSION = YES;
				CLANG_WARN_OBJC_IMPLICIT_RETAIN_SELF = YES;
				CLANG_WARN_OBJC_LITERAL_CONVERSION = YES;
				CLANG_WARN_OBJC_ROOT_CLASS = YES_ERROR;
				CLANG_WARN_QUOTED_INCLUDE_IN_FRAMEWORK_HEADER = YES;
				CLANG_WARN_RANGE_LOOP_ANALYSIS = YES;
				CLANG_WARN_STRICT_PROTOTYPES = YES;
				CLANG_WARN_SUSPICIOUS_MOVE = YES;
				CLANG_WARN_UNGUARDED_AVAILABILITY = YES_AGGRESSIVE;
				CLANG_WARN_UNREACHABLE_CODE = YES;
				CLANG_WARN__DUPLICATE_METHOD_MATCH = YES;
				COPY_PHASE_STRIP = NO;
				DEBUG_INFORMATION_FORMAT = dwarf;
				ENABLE_STRICT_OBJC_MSGSEND = YES;
				ENABLE_TESTABILITY = YES;
				GCC_C_LANGUAGE_STANDARD = gnu11;
				GCC_DYNAMIC_NO_PIC = NO;
				GCC_NO_COMMON_BLOCKS = YES;
				GCC_OPTIMIZATION_LEVEL = 0;
				GCC_PREPROCESSOR_DEFINITIONS = (
					"DEBUG=1",
					"$(inherited)",
				);
				GCC_WARN_64_TO_32_BIT_CONVERSION = YES;
				GCC_WARN_ABOUT_RETURN_TYPE = YES_ERROR;
				GCC_WARN_UNDECLARED_SELECTOR = YES;
				GCC_WARN_UNINITIALIZED_AUTOS = YES_AGGRESSIVE;
				GCC_WARN_UNUSED_FUNCTION = YES;
				GCC_WARN_UNUSED_VARIABLE = YES;
				IPHONEOS_DEPLOYMENT_TARGET = 13.0;
				MTL_ENABLE_DEBUG_INFO = INCLUDE_SOURCE;
				MTL_FAST_MATH = YES;
				ONLY_ACTIVE_ARCH = YES;
				SDKROOT = iphoneos;
				SWIFT_ACTIVE_COMPILATION_CONDITIONS = DEBUG;
				SWIFT_OPTIMIZATION_LEVEL = "-Onone";
			};
			name = Debug;
		};
		AA4819E525458034006D2B94 /* Release */ = {
			isa = XCBuildConfiguration;
			buildSettings = {
				ALWAYS_SEARCH_USER_PATHS = NO;
				CLANG_ANALYZER_NONNULL = YES;
				CLANG_ANALYZER_NUMBER_OBJECT_CONVERSION = YES_AGGRESSIVE;
				CLANG_CXX_LANGUAGE_STANDARD = "gnu++14";
				CLANG_CXX_LIBRARY = "libc++";
				CLANG_ENABLE_MODULES = YES;
				CLANG_ENABLE_OBJC_ARC = YES;
				CLANG_ENABLE_OBJC_WEAK = YES;
				CLANG_WARN_BLOCK_CAPTURE_AUTORELEASING = YES;
				CLANG_WARN_BOOL_CONVERSION = YES;
				CLANG_WARN_COMMA = YES;
				CLANG_WARN_CONSTANT_CONVERSION = YES;
				CLANG_WARN_DEPRECATED_OBJC_IMPLEMENTATIONS = YES;
				CLANG_WARN_DIRECT_OBJC_ISA_USAGE = YES_ERROR;
				CLANG_WARN_DOCUMENTATION_COMMENTS = YES;
				CLANG_WARN_EMPTY_BODY = YES;
				CLANG_WARN_ENUM_CONVERSION = YES;
				CLANG_WARN_INFINITE_RECURSION = YES;
				CLANG_WARN_INT_CONVERSION = YES;
				CLANG_WARN_NON_LITERAL_NULL_CONVERSION = YES;
				CLANG_WARN_OBJC_IMPLICIT_RETAIN_SELF = YES;
				CLANG_WARN_OBJC_LITERAL_CONVERSION = YES;
				CLANG_WARN_OBJC_ROOT_CLASS = YES_ERROR;
				CLANG_WARN_QUOTED_INCLUDE_IN_FRAMEWORK_HEADER = YES;
				CLANG_WARN_RANGE_LOOP_ANALYSIS = YES;
				CLANG_WARN_STRICT_PROTOTYPES = YES;
				CLANG_WARN_SUSPICIOUS_MOVE = YES;
				CLANG_WARN_UNGUARDED_AVAILABILITY = YES_AGGRESSIVE;
				CLANG_WARN_UNREACHABLE_CODE = YES;
				CLANG_WARN__DUPLICATE_METHOD_MATCH = YES;
				COPY_PHASE_STRIP = NO;
				DEBUG_INFORMATION_FORMAT = "dwarf-with-dsym";
				ENABLE_NS_ASSERTIONS = NO;
				ENABLE_STRICT_OBJC_MSGSEND = YES;
				GCC_C_LANGUAGE_STANDARD = gnu11;
				GCC_NO_COMMON_BLOCKS = YES;
				GCC_WARN_64_TO_32_BIT_CONVERSION = YES;
				GCC_WARN_ABOUT_RETURN_TYPE = YES_ERROR;
				GCC_WARN_UNDECLARED_SELECTOR = YES;
				GCC_WARN_UNINITIALIZED_AUTOS = YES_AGGRESSIVE;
				GCC_WARN_UNUSED_FUNCTION = YES;
				GCC_WARN_UNUSED_VARIABLE = YES;
				IPHONEOS_DEPLOYMENT_TARGET = 13.0;
				MTL_ENABLE_DEBUG_INFO = NO;
				MTL_FAST_MATH = YES;
				SDKROOT = iphoneos;
				SWIFT_COMPILATION_MODE = wholemodule;
				SWIFT_OPTIMIZATION_LEVEL = "-O";
				VALIDATE_PRODUCT = YES;
			};
			name = Release;
		};
		AA4819E725458034006D2B94 /* Debug */ = {
			isa = XCBuildConfiguration;
			baseConfigurationReference = F3E3774D5F2DBDC0830B715A /* Pods-VK_Swift_Example.debug.xcconfig */;
			buildSettings = {
				ASSETCATALOG_COMPILER_APPICON_NAME = AppIcon;
				ASSETCATALOG_COMPILER_GLOBAL_ACCENT_COLOR_NAME = AccentColor;
				CODE_SIGN_STYLE = Automatic;
				DEVELOPMENT_TEAM = PKCH58765D;
				INFOPLIST_FILE = VK_Swift_Example/Info.plist;
				LD_RUNPATH_SEARCH_PATHS = (
					"$(inherited)",
					"@executable_path/Frameworks",
				);
				PRODUCT_BUNDLE_IDENTIFIER = "com.vinidiktov.VK-Swift-Example";
				PRODUCT_NAME = "$(TARGET_NAME)";
				SWIFT_VERSION = 5.0;
				TARGETED_DEVICE_FAMILY = "1,2";
			};
			name = Debug;
		};
		AA4819E825458034006D2B94 /* Release */ = {
			isa = XCBuildConfiguration;
			baseConfigurationReference = AE45C343136241CBC7D453FD /* Pods-VK_Swift_Example.release.xcconfig */;
			buildSettings = {
				ASSETCATALOG_COMPILER_APPICON_NAME = AppIcon;
				ASSETCATALOG_COMPILER_GLOBAL_ACCENT_COLOR_NAME = AccentColor;
				CODE_SIGN_STYLE = Automatic;
				DEVELOPMENT_TEAM = PKCH58765D;
				INFOPLIST_FILE = VK_Swift_Example/Info.plist;
				LD_RUNPATH_SEARCH_PATHS = (
					"$(inherited)",
					"@executable_path/Frameworks",
				);
				PRODUCT_BUNDLE_IDENTIFIER = "com.vinidiktov.VK-Swift-Example";
				PRODUCT_NAME = "$(TARGET_NAME)";
				SWIFT_VERSION = 5.0;
				TARGETED_DEVICE_FAMILY = "1,2";
			};
			name = Release;
		};
/* End XCBuildConfiguration section */

/* Begin XCConfigurationList section */
		AA4819CD25458030006D2B94 /* Build configuration list for PBXProject "VK_Swift_Example" */ = {
			isa = XCConfigurationList;
			buildConfigurations = (
				AA4819E425458034006D2B94 /* Debug */,
				AA4819E525458034006D2B94 /* Release */,
			);
			defaultConfigurationIsVisible = 0;
			defaultConfigurationName = Release;
		};
		AA4819E625458034006D2B94 /* Build configuration list for PBXNativeTarget "VK_Swift_Example" */ = {
			isa = XCConfigurationList;
			buildConfigurations = (
				AA4819E725458034006D2B94 /* Debug */,
				AA4819E825458034006D2B94 /* Release */,
			);
			defaultConfigurationIsVisible = 0;
			defaultConfigurationName = Release;
		};
/* End XCConfigurationList section */
	};
	rootObject = AA4819CA25458030006D2B94 /* Project object */;
}
